
Microsoft Visual Studio Solution File, Format Version 12.00
# Visual Studio Version 17
VisualStudioVersion = 17.4.33205.214
MinimumVisualStudioVersion = 10.0.40219.1
Project("{9A19103F-16F7-4668-BE54-9A1E7A4F7556}") = "ScalesAutomation", "ScalesAutomation\ScalesAutomation.csproj", "{E8A96C8C-1490-4BE1-81DD-509D94409D38}"
EndProject
Project("{2150E333-8FDC-42A3-9474-1A3956D46DE8}") = "Distribution", "Distribution", "{9F857F83-2670-4027-B0B4-BD5298C1B37F}"
	ProjectSection(SolutionItems) = preProject
		Distribution\CatalogProduse.xml = Distribution\CatalogProduse.xml
		Distribution\log4net.config = Distribution\log4net.config
		Distribution\log4net.dll = Distribution\log4net.dll
		Distribution\log4net.xml = Distribution\log4net.xml
		Distribution\ScalesAutomation.exe = Distribution\ScalesAutomation.exe
		Distribution\ScalesAutomation.exe.config = Distribution\ScalesAutomation.exe.config
		Distribution\SerialTransmissionSimulation.txt = Distribution\SerialTransmissionSimulation.txt
	EndProjectSection
EndProject
Project("{2150E333-8FDC-42A3-9474-1A3956D46DE8}") = "Server", "Server", "{440DCCB1-63CC-4049-9356-B42BC911BD09}"
	ProjectSection(SolutionItems) = preProject
		Distribution\Server\CentralizatorMasuratori.xlsm = Distribution\Server\CentralizatorMasuratori.xlsm
		Distribution\Server\Manual - Automatizare Cantar.docx = Distribution\Server\Manual - Automatizare Cantar.docx
	EndProjectSection
EndProject
Project("{2150E333-8FDC-42A3-9474-1A3956D46DE8}") = "CSVServer", "CSVServer", "{A3F9AD69-C886-478D-8589-A91741E42F96}"
EndProject
Project("{9A19103F-16F7-4668-BE54-9A1E7A4F7556}") = "LogParser", "LogParser\LogParser.csproj", "{4B5E4132-6CA0-40A0-8C19-0B8B00BBF040}"
EndProject
Project("{9A19103F-16F7-4668-BE54-9A1E7A4F7556}") = "MetrologyReader", "MetrologyReader\MetrologyReader.csproj", "{B57D7B30-5FDC-48CF-9C2D-5D3C7A33F8B1}"
EndProject
Project("{FAE04EC0-301F-11D3-BF4B-00C04F79EFBC}") = "MeasurementsCentral", "MeasurementsCentral\MeasurementsCentral.csproj", "{4A4C0575-A1E8-4667-BE12-D164F74BCF64}"
EndProject
Global
	GlobalSection(SolutionConfigurationPlatforms) = preSolution
		Debug|Any CPU = Debug|Any CPU
		Release|Any CPU = Release|Any CPU
	EndGlobalSection
	GlobalSection(ProjectConfigurationPlatforms) = postSolution
		{E8A96C8C-1490-4BE1-81DD-509D94409D38}.Debug|Any CPU.ActiveCfg = Debug|Any CPU
		{E8A96C8C-1490-4BE1-81DD-509D94409D38}.Debug|Any CPU.Build.0 = Debug|Any CPU
		{E8A96C8C-1490-4BE1-81DD-509D94409D38}.Release|Any CPU.ActiveCfg = Release|Any CPU
		{E8A96C8C-1490-4BE1-81DD-509D94409D38}.Release|Any CPU.Build.0 = Release|Any CPU
		{4B5E4132-6CA0-40A0-8C19-0B8B00BBF040}.Debug|Any CPU.ActiveCfg = Debug|Any CPU
		{4B5E4132-6CA0-40A0-8C19-0B8B00BBF040}.Debug|Any CPU.Build.0 = Debug|Any CPU
		{4B5E4132-6CA0-40A0-8C19-0B8B00BBF040}.Release|Any CPU.ActiveCfg = Release|Any CPU
		{4B5E4132-6CA0-40A0-8C19-0B8B00BBF040}.Release|Any CPU.Build.0 = Release|Any CPU
		{B57D7B30-5FDC-48CF-9C2D-5D3C7A33F8B1}.Debug|Any CPU.ActiveCfg = Debug|Any CPU
		{B57D7B30-5FDC-48CF-9C2D-5D3C7A33F8B1}.Debug|Any CPU.Build.0 = Debug|Any CPU
		{B57D7B30-5FDC-48CF-9C2D-5D3C7A33F8B1}.Release|Any CPU.ActiveCfg = Release|Any CPU
		{B57D7B30-5FDC-48CF-9C2D-5D3C7A33F8B1}.Release|Any CPU.Build.0 = Release|Any CPU
		{4A4C0575-A1E8-4667-BE12-D164F74BCF64}.Debug|Any CPU.ActiveCfg = Debug|Any CPU
		{4A4C0575-A1E8-4667-BE12-D164F74BCF64}.Debug|Any CPU.Build.0 = Debug|Any CPU
		{4A4C0575-A1E8-4667-BE12-D164F74BCF64}.Release|Any CPU.ActiveCfg = Release|Any CPU
		{4A4C0575-A1E8-4667-BE12-D164F74BCF64}.Release|Any CPU.Build.0 = Release|Any CPU
	EndGlobalSection
	GlobalSection(SolutionProperties) = preSolution
		HideSolutionNode = FALSE
	EndGlobalSection
	GlobalSection(NestedProjects) = preSolution
		{440DCCB1-63CC-4049-9356-B42BC911BD09} = {9F857F83-2670-4027-B0B4-BD5298C1B37F}
		{A3F9AD69-C886-478D-8589-A91741E42F96} = {440DCCB1-63CC-4049-9356-B42BC911BD09}
	EndGlobalSection
	GlobalSection(ExtensibilityGlobals) = postSolution
		SolutionGuid = {876404C8-DBB9-43E1-A3A1-E88C0B4A02BB}
	EndGlobalSection
EndGlobal
